
Microsoft Visual Studio Solution File, Format Version 12.00
# Visual Studio Version 17
VisualStudioVersion = 17.13.35828.75 d17.13
MinimumVisualStudioVersion = 10.0.40219.1
Project("{8BC9CEB8-8B4A-11D0-8D11-00A0C91BC942}") = "Project1", "Project1.vcxproj", "{A5D71195-F9B0-453A-8898-13F8E553C655}"
EndProject
Global
	GlobalSection(SolutionConfigurationPlatforms) = preSolution
		Debug|x64 = Debug|x64
		Debug|x86 = Debug|x86
		Release|x64 = Release|x64
		Release|x86 = Release|x86
	EndGlobalSection
	GlobalSection(ProjectConfigurationPlatforms) = postSolution
		{A5D71195-F9B0-453A-8898-13F8E553C655}.Debug|x64.ActiveCfg = Debug|x64
		{A5D71195-F9B0-453A-8898-13F8E553C655}.Debug|x64.Build.0 = Debug|x64
		{A5D71195-F9B0-453A-8898-13F8E553C655}.Debug|x86.ActiveCfg = Debug|Win32
		{A5D71195-F9B0-453A-8898-13F8E553C655}.Debug|x86.Build.0 = Debug|Win32
		{A5D71195-F9B0-453A-8898-13F8E553C655}.Release|x64.ActiveCfg = Release|x64
		{A5D71195-F9B0-453A-8898-13F8E553C655}.Release|x64.Build.0 = Release|x64
		{A5D71195-F9B0-453A-8898-13F8E553C655}.Release|x86.ActiveCfg = Release|Win32
		{A5D71195-F9B0-453A-8898-13F8E553C655}.Release|x86.Build.0 = Release|Win32
	EndGlobalSection
	GlobalSection(SolutionProperties) = preSolution
		HideSolutionNode = FALSE
	EndGlobalSection
	GlobalSection(ExtensibilityGlobals) = postSolution
		SolutionGuid = {EE08E076-BEF0-45BB-A8F2-D86A44DFCD08}
	EndGlobalSection
EndGlobal
