
Microsoft Visual Studio Solution File, Format Version 12.00
# Visual Studio Version 17
VisualStudioVersion = 17.13.35828.75 d17.13
MinimumVisualStudioVersion = 10.0.40219.1
Project("{8BC9CEB8-8B4A-11D0-8D11-00A0C91BC942}") = "Problem1", "Problem1\Problem1.vcxproj", "{B8079DAC-7030-4256-B446-19CC1F7A11A7}"
EndProject
Global
	GlobalSection(SolutionConfigurationPlatforms) = preSolution
		Debug|x64 = Debug|x64
		Debug|x86 = Debug|x86
		Release|x64 = Release|x64
		Release|x86 = Release|x86
	EndGlobalSection
	GlobalSection(ProjectConfigurationPlatforms) = postSolution
		{B8079DAC-7030-4256-B446-19CC1F7A11A7}.Debug|x64.ActiveCfg = Debug|x64
		{B8079DAC-7030-4256-B446-19CC1F7A11A7}.Debug|x64.Build.0 = Debug|x64
		{B8079DAC-7030-4256-B446-19CC1F7A11A7}.Debug|x86.ActiveCfg = Debug|Win32
		{B8079DAC-7030-4256-B446-19CC1F7A11A7}.Debug|x86.Build.0 = Debug|Win32
		{B8079DAC-7030-4256-B446-19CC1F7A11A7}.Release|x64.ActiveCfg = Release|x64
		{B8079DAC-7030-4256-B446-19CC1F7A11A7}.Release|x64.Build.0 = Release|x64
		{B8079DAC-7030-4256-B446-19CC1F7A11A7}.Release|x86.ActiveCfg = Release|Win32
		{B8079DAC-7030-4256-B446-19CC1F7A11A7}.Release|x86.Build.0 = Release|Win32
	EndGlobalSection
	GlobalSection(SolutionProperties) = preSolution
		HideSolutionNode = FALSE
	EndGlobalSection
	GlobalSection(ExtensibilityGlobals) = postSolution
		SolutionGuid = {A454398A-CA9D-49A9-AE17-33149DF1D3F7}
	EndGlobalSection
EndGlobal
